
Microsoft Visual Studio Solution File, Format Version 12.00
# Visual Studio Version 17
VisualStudioVersion = 17.9.34607.119
MinimumVisualStudioVersion = 10.0.40219.1
Project("{9A19103F-16F7-4668-BE54-9A1E7A4F7556}") = "TEAM11.UNO.PL", "TEAM11.UNO.PL\TEAM11.UNO.PL.csproj", "{2EAB0A7F-CD1C-4FA4-994C-14A71C8BF08C}"
EndProject
Project("{9A19103F-16F7-4668-BE54-9A1E7A4F7556}") = "TEAM11.UNO.PL.Test", "TEAM11.UNO.PL.Test\TEAM11.UNO.PL.Test.csproj", "{75331A02-A277-4D59-BFC3-66909AAF55EB}"
EndProject
Project("{9A19103F-16F7-4668-BE54-9A1E7A4F7556}") = "TEAM11.UNO.BL", "TEAM11.UNO.BL\TEAM11.UNO.BL.csproj", "{3A04B065-3E13-4D3D-9FB1-46D4ACB47798}"
EndProject
Project("{9A19103F-16F7-4668-BE54-9A1E7A4F7556}") = "TEAM11.UNO.BL.Test", "TEAM11.UNO.BL.Test\TEAM11.UNO.BL.Test.csproj", "{1C50CB25-F955-48D4-ACB0-2D0457004238}"
EndProject
Project("{9A19103F-16F7-4668-BE54-9A1E7A4F7556}") = "TEAM11.UNO.API", "TEAM11.UNO.API\TEAM11.UNO.API.csproj", "{5FF0457A-59F8-45D1-89EA-49AF7D41CDC8}"
EndProject
Project("{9A19103F-16F7-4668-BE54-9A1E7A4F7556}") = "TEAM11.UNO.API.Test", "TEAM11.UNO.API.Test\TEAM11.UNO.API.Test.csproj", "{AC1BCC70-8FD5-42B2-985B-963DCE9DEC6A}"
EndProject
Project("{9A19103F-16F7-4668-BE54-9A1E7A4F7556}") = "TEAM11.UNO.MigrationHandler", "TEAM11.UNO.MigrationHandler\TEAM11.UNO.MigrationHandler.csproj", "{FA93CE30-CE19-4CBE-895E-4941017443B5}"
EndProject
Project("{9A19103F-16F7-4668-BE54-9A1E7A4F7556}") = "TEAM11.UNO.BL.Models", "TEAM11.UNO.BL.Models\TEAM11.UNO.BL.Models.csproj", "{9D4A7E49-C612-468D-9A97-51DD77771088}"
EndProject
Project("{2150E333-8FDC-42A3-9474-1A3956D46DE8}") = "SolutionItems", "SolutionItems", "{7EE24CC1-8AE5-4566-973B-6EB0D0260E52}"
	ProjectSection(SolutionItems) = preProject
		..\..\..\..\..\..\Downloads\bigprojectapi-300079087.PublishSettings = ..\..\..\..\..\..\Downloads\bigprojectapi-300079087.PublishSettings
		TextFile1.txt = TextFile1.txt
	EndProjectSection
EndProject
Project("{9A19103F-16F7-4668-BE54-9A1E7A4F7556}") = "TEAM11.UNO.Reporting", "TEAM11.UNO.Reporting\TEAM11.UNO.Reporting.csproj", "{57CACA84-7D85-46BB-8674-DE805E466B07}"
EndProject
Project("{9A19103F-16F7-4668-BE54-9A1E7A4F7556}") = "TEAM11.UNO.ConsoleApp", "TestApp\TEAM11.UNO.ConsoleApp.csproj", "{77E749E0-FDA0-4EF1-A8EA-6A591FC67C08}"
EndProject
Global
	GlobalSection(SolutionConfigurationPlatforms) = preSolution
		Debug|Any CPU = Debug|Any CPU
		Release|Any CPU = Release|Any CPU
	EndGlobalSection
	GlobalSection(ProjectConfigurationPlatforms) = postSolution
		{2EAB0A7F-CD1C-4FA4-994C-14A71C8BF08C}.Debug|Any CPU.ActiveCfg = Debug|Any CPU
		{2EAB0A7F-CD1C-4FA4-994C-14A71C8BF08C}.Debug|Any CPU.Build.0 = Debug|Any CPU
		{2EAB0A7F-CD1C-4FA4-994C-14A71C8BF08C}.Release|Any CPU.ActiveCfg = Release|Any CPU
		{2EAB0A7F-CD1C-4FA4-994C-14A71C8BF08C}.Release|Any CPU.Build.0 = Release|Any CPU
		{75331A02-A277-4D59-BFC3-66909AAF55EB}.Debug|Any CPU.ActiveCfg = Debug|Any CPU
		{75331A02-A277-4D59-BFC3-66909AAF55EB}.Debug|Any CPU.Build.0 = Debug|Any CPU
		{75331A02-A277-4D59-BFC3-66909AAF55EB}.Release|Any CPU.ActiveCfg = Release|Any CPU
		{75331A02-A277-4D59-BFC3-66909AAF55EB}.Release|Any CPU.Build.0 = Release|Any CPU
		{3A04B065-3E13-4D3D-9FB1-46D4ACB47798}.Debug|Any CPU.ActiveCfg = Debug|Any CPU
		{3A04B065-3E13-4D3D-9FB1-46D4ACB47798}.Debug|Any CPU.Build.0 = Debug|Any CPU
		{3A04B065-3E13-4D3D-9FB1-46D4ACB47798}.Release|Any CPU.ActiveCfg = Release|Any CPU
		{3A04B065-3E13-4D3D-9FB1-46D4ACB47798}.Release|Any CPU.Build.0 = Release|Any CPU
		{1C50CB25-F955-48D4-ACB0-2D0457004238}.Debug|Any CPU.ActiveCfg = Debug|Any CPU
		{1C50CB25-F955-48D4-ACB0-2D0457004238}.Debug|Any CPU.Build.0 = Debug|Any CPU
		{1C50CB25-F955-48D4-ACB0-2D0457004238}.Release|Any CPU.ActiveCfg = Release|Any CPU
		{1C50CB25-F955-48D4-ACB0-2D0457004238}.Release|Any CPU.Build.0 = Release|Any CPU
		{5FF0457A-59F8-45D1-89EA-49AF7D41CDC8}.Debug|Any CPU.ActiveCfg = Debug|Any CPU
		{5FF0457A-59F8-45D1-89EA-49AF7D41CDC8}.Debug|Any CPU.Build.0 = Debug|Any CPU
		{5FF0457A-59F8-45D1-89EA-49AF7D41CDC8}.Release|Any CPU.ActiveCfg = Release|Any CPU
		{5FF0457A-59F8-45D1-89EA-49AF7D41CDC8}.Release|Any CPU.Build.0 = Release|Any CPU
		{AC1BCC70-8FD5-42B2-985B-963DCE9DEC6A}.Debug|Any CPU.ActiveCfg = Debug|Any CPU
		{AC1BCC70-8FD5-42B2-985B-963DCE9DEC6A}.Debug|Any CPU.Build.0 = Debug|Any CPU
		{AC1BCC70-8FD5-42B2-985B-963DCE9DEC6A}.Release|Any CPU.ActiveCfg = Release|Any CPU
		{AC1BCC70-8FD5-42B2-985B-963DCE9DEC6A}.Release|Any CPU.Build.0 = Release|Any CPU
		{FA93CE30-CE19-4CBE-895E-4941017443B5}.Debug|Any CPU.ActiveCfg = Debug|Any CPU
		{FA93CE30-CE19-4CBE-895E-4941017443B5}.Debug|Any CPU.Build.0 = Debug|Any CPU
		{FA93CE30-CE19-4CBE-895E-4941017443B5}.Release|Any CPU.ActiveCfg = Release|Any CPU
		{FA93CE30-CE19-4CBE-895E-4941017443B5}.Release|Any CPU.Build.0 = Release|Any CPU
		{9D4A7E49-C612-468D-9A97-51DD77771088}.Debug|Any CPU.ActiveCfg = Debug|Any CPU
		{9D4A7E49-C612-468D-9A97-51DD77771088}.Debug|Any CPU.Build.0 = Debug|Any CPU
		{9D4A7E49-C612-468D-9A97-51DD77771088}.Release|Any CPU.ActiveCfg = Release|Any CPU
		{9D4A7E49-C612-468D-9A97-51DD77771088}.Release|Any CPU.Build.0 = Release|Any CPU
		{57CACA84-7D85-46BB-8674-DE805E466B07}.Debug|Any CPU.ActiveCfg = Debug|Any CPU
		{57CACA84-7D85-46BB-8674-DE805E466B07}.Debug|Any CPU.Build.0 = Debug|Any CPU
		{57CACA84-7D85-46BB-8674-DE805E466B07}.Release|Any CPU.ActiveCfg = Release|Any CPU
		{57CACA84-7D85-46BB-8674-DE805E466B07}.Release|Any CPU.Build.0 = Release|Any CPU
		{77E749E0-FDA0-4EF1-A8EA-6A591FC67C08}.Debug|Any CPU.ActiveCfg = Debug|Any CPU
		{77E749E0-FDA0-4EF1-A8EA-6A591FC67C08}.Debug|Any CPU.Build.0 = Debug|Any CPU
		{77E749E0-FDA0-4EF1-A8EA-6A591FC67C08}.Release|Any CPU.ActiveCfg = Release|Any CPU
		{77E749E0-FDA0-4EF1-A8EA-6A591FC67C08}.Release|Any CPU.Build.0 = Release|Any CPU
	EndGlobalSection
	GlobalSection(SolutionProperties) = preSolution
		HideSolutionNode = FALSE
	EndGlobalSection
	GlobalSection(ExtensibilityGlobals) = postSolution
		SolutionGuid = {5DA7A16A-CAF5-49C7-BDA9-9C81214CA8CF}
	EndGlobalSection
EndGlobal
